
Microsoft Visual Studio Solution File, Format Version 12.00
# Visual Studio 2013
VisualStudioVersion = 12.0.21005.1
MinimumVisualStudioVersion = 10.0.40219.1
Project("{FAE04EC0-301F-11D3-BF4B-00C04F79EFBC}") = "SEnC.Repository", "SEnC.Repository\SEnC.Repository.csproj", "{AB3547C5-DA8E-465B-ADBD-72C28B6DF0B9}"
EndProject
Project("{FAE04EC0-301F-11D3-BF4B-00C04F79EFBC}") = "SEnC.Datatypes", "..\SEnC.Datatypes\SEnC.Datatypes.csproj", "{40A03900-9280-41E3-AC20-148547A8903A}"
EndProject
Project("{FAE04EC0-301F-11D3-BF4B-00C04F79EFBC}") = "SEnC.Business", "..\SEnC.Business\SEnC.Business.csproj", "{1751D6E8-8487-435F-B3ED-48DE9D417707}"
EndProject
Project("{FAE04EC0-301F-11D3-BF4B-00C04F79EFBC}") = "SEnC.Presentation", "..\SEnC.Presentation\SEnC.Presentation.csproj", "{AF394A44-8E5A-4F75-BE89-FD65E822DB6D}"
EndProject
Project("{FAE04EC0-301F-11D3-BF4B-00C04F79EFBC}") = "SEnC.API", "..\SEnC.Api\SEnC.Api\SEnC.API.csproj", "{30B50F44-CDDA-47C4-8223-167CE3CA90EC}"
EndProject
Global
	GlobalSection(SolutionConfigurationPlatforms) = preSolution
		Debug|Any CPU = Debug|Any CPU
		Release|Any CPU = Release|Any CPU
	EndGlobalSection
	GlobalSection(ProjectConfigurationPlatforms) = postSolution
		{AB3547C5-DA8E-465B-ADBD-72C28B6DF0B9}.Debug|Any CPU.ActiveCfg = Debug|Any CPU
		{AB3547C5-DA8E-465B-ADBD-72C28B6DF0B9}.Debug|Any CPU.Build.0 = Debug|Any CPU
		{AB3547C5-DA8E-465B-ADBD-72C28B6DF0B9}.Release|Any CPU.ActiveCfg = Release|Any CPU
		{AB3547C5-DA8E-465B-ADBD-72C28B6DF0B9}.Release|Any CPU.Build.0 = Release|Any CPU
		{40A03900-9280-41E3-AC20-148547A8903A}.Debug|Any CPU.ActiveCfg = Debug|Any CPU
		{40A03900-9280-41E3-AC20-148547A8903A}.Debug|Any CPU.Build.0 = Debug|Any CPU
		{40A03900-9280-41E3-AC20-148547A8903A}.Release|Any CPU.ActiveCfg = Release|Any CPU
		{40A03900-9280-41E3-AC20-148547A8903A}.Release|Any CPU.Build.0 = Release|Any CPU
		{1751D6E8-8487-435F-B3ED-48DE9D417707}.Debug|Any CPU.ActiveCfg = Debug|Any CPU
		{1751D6E8-8487-435F-B3ED-48DE9D417707}.Debug|Any CPU.Build.0 = Debug|Any CPU
		{1751D6E8-8487-435F-B3ED-48DE9D417707}.Release|Any CPU.ActiveCfg = Release|Any CPU
		{1751D6E8-8487-435F-B3ED-48DE9D417707}.Release|Any CPU.Build.0 = Release|Any CPU
		{AF394A44-8E5A-4F75-BE89-FD65E822DB6D}.Debug|Any CPU.ActiveCfg = Debug|Any CPU
		{AF394A44-8E5A-4F75-BE89-FD65E822DB6D}.Debug|Any CPU.Build.0 = Debug|Any CPU
		{AF394A44-8E5A-4F75-BE89-FD65E822DB6D}.Release|Any CPU.ActiveCfg = Release|Any CPU
		{AF394A44-8E5A-4F75-BE89-FD65E822DB6D}.Release|Any CPU.Build.0 = Release|Any CPU
		{30B50F44-CDDA-47C4-8223-167CE3CA90EC}.Debug|Any CPU.ActiveCfg = Debug|Any CPU
		{30B50F44-CDDA-47C4-8223-167CE3CA90EC}.Debug|Any CPU.Build.0 = Debug|Any CPU
		{30B50F44-CDDA-47C4-8223-167CE3CA90EC}.Release|Any CPU.ActiveCfg = Release|Any CPU
		{30B50F44-CDDA-47C4-8223-167CE3CA90EC}.Release|Any CPU.Build.0 = Release|Any CPU
	EndGlobalSection
	GlobalSection(SolutionProperties) = preSolution
		HideSolutionNode = FALSE
	EndGlobalSection
EndGlobal
